// !$*UTF8*$!
{
	archiveVersion = 1;
	classes = {
	};
	objectVersion = 50;
	objects = {

/* Begin PBXBuildFile section */
		8E738FBD266D1D9100245485 /* TrackEmergencyInfo.storyboard in Resources */ = {isa = PBXBuildFile; fileRef = 8E738FBC266D1D9100245485 /* TrackEmergencyInfo.storyboard */; };
		8E9F87D0266D1195007E7375 /* AppDelegate.swift in Sources */ = {isa = PBXBuildFile; fileRef = 8E9F87CF266D1195007E7375 /* AppDelegate.swift */; };
		8E9F87D2266D1195007E7375 /* SceneDelegate.swift in Sources */ = {isa = PBXBuildFile; fileRef = 8E9F87D1266D1195007E7375 /* SceneDelegate.swift */; };
		8E9F87D4266D1195007E7375 /* ViewController.swift in Sources */ = {isa = PBXBuildFile; fileRef = 8E9F87D3266D1195007E7375 /* ViewController.swift */; };
		8E9F87D7266D1195007E7375 /* Main.storyboard in Resources */ = {isa = PBXBuildFile; fileRef = 8E9F87D5266D1195007E7375 /* Main.storyboard */; };
		8E9F87DA266D1195007E7375 /* TerraSafe.xcdatamodeld in Sources */ = {isa = PBXBuildFile; fileRef = 8E9F87D8266D1195007E7375 /* TerraSafe.xcdatamodeld */; };
		8E9F87DC266D1196007E7375 /* Assets.xcassets in Resources */ = {isa = PBXBuildFile; fileRef = 8E9F87DB266D1196007E7375 /* Assets.xcassets */; };
		8E9F87DF266D1196007E7375 /* LaunchScreen.storyboard in Resources */ = {isa = PBXBuildFile; fileRef = 8E9F87DD266D1196007E7375 /* LaunchScreen.storyboard */; };
		8ECC15052670F2D30079EB1F /* DetailInformationPage.storyboard in Resources */ = {isa = PBXBuildFile; fileRef = 8ECC15042670F2D30079EB1F /* DetailInformationPage.storyboard */; };
		8ECC1507267105EC0079EB1F /* DetailInformationPageVC.swift in Sources */ = {isa = PBXBuildFile; fileRef = 8ECC1506267105EC0079EB1F /* DetailInformationPageVC.swift */; };
		8ECC1509267106C60079EB1F /* TableTrackTableViewCell.swift in Sources */ = {isa = PBXBuildFile; fileRef = 8ECC1508267106C60079EB1F /* TableTrackTableViewCell.swift */; };
/* End PBXBuildFile section */

/* Begin PBXFileReference section */
		8E738FBC266D1D9100245485 /* TrackEmergencyInfo.storyboard */ = {isa = PBXFileReference; lastKnownFileType = file.storyboard; path = TrackEmergencyInfo.storyboard; sourceTree = "<group>"; };
		8E9F87CC266D1195007E7375 /* TerraSafe.app */ = {isa = PBXFileReference; explicitFileType = wrapper.application; includeInIndex = 0; path = TerraSafe.app; sourceTree = BUILT_PRODUCTS_DIR; };
		8E9F87CF266D1195007E7375 /* AppDelegate.swift */ = {isa = PBXFileReference; lastKnownFileType = sourcecode.swift; path = AppDelegate.swift; sourceTree = "<group>"; };
		8E9F87D1266D1195007E7375 /* SceneDelegate.swift */ = {isa = PBXFileReference; lastKnownFileType = sourcecode.swift; path = SceneDelegate.swift; sourceTree = "<group>"; };
		8E9F87D3266D1195007E7375 /* ViewController.swift */ = {isa = PBXFileReference; lastKnownFileType = sourcecode.swift; path = ViewController.swift; sourceTree = "<group>"; };
		8E9F87D6266D1195007E7375 /* Base */ = {isa = PBXFileReference; lastKnownFileType = file.storyboard; name = Base; path = Base.lproj/Main.storyboard; sourceTree = "<group>"; };
		8E9F87D9266D1195007E7375 /* TerraSafe.xcdatamodel */ = {isa = PBXFileReference; lastKnownFileType = wrapper.xcdatamodel; path = TerraSafe.xcdatamodel; sourceTree = "<group>"; };
		8E9F87DB266D1196007E7375 /* Assets.xcassets */ = {isa = PBXFileReference; lastKnownFileType = folder.assetcatalog; path = Assets.xcassets; sourceTree = "<group>"; };
		8E9F87DE266D1196007E7375 /* Base */ = {isa = PBXFileReference; lastKnownFileType = file.storyboard; name = Base; path = Base.lproj/LaunchScreen.storyboard; sourceTree = "<group>"; };
		8E9F87E0266D1196007E7375 /* Info.plist */ = {isa = PBXFileReference; lastKnownFileType = text.plist.xml; path = Info.plist; sourceTree = "<group>"; };
		8ECC15042670F2D30079EB1F /* DetailInformationPage.storyboard */ = {isa = PBXFileReference; lastKnownFileType = file.storyboard; path = DetailInformationPage.storyboard; sourceTree = "<group>"; };
		8ECC1506267105EC0079EB1F /* DetailInformationPageVC.swift */ = {isa = PBXFileReference; lastKnownFileType = sourcecode.swift; path = DetailInformationPageVC.swift; sourceTree = "<group>"; };
		8ECC1508267106C60079EB1F /* TableTrackTableViewCell.swift */ = {isa = PBXFileReference; lastKnownFileType = sourcecode.swift; path = TableTrackTableViewCell.swift; sourceTree = "<group>"; };
/* End PBXFileReference section */

/* Begin PBXFrameworksBuildPhase section */
		8E9F87C9266D1195007E7375 /* Frameworks */ = {
			isa = PBXFrameworksBuildPhase;
			buildActionMask = 2147483647;
			files = (
			);
			runOnlyForDeploymentPostprocessing = 0;
		};
/* End PBXFrameworksBuildPhase section */

/* Begin PBXGroup section */
		8E9F87C3266D1195007E7375 = {
			isa = PBXGroup;
			children = (
				8E9F87CE266D1195007E7375 /* TerraSafe */,
				8E9F87CD266D1195007E7375 /* Products */,
			);
			sourceTree = "<group>";
		};
		8E9F87CD266D1195007E7375 /* Products */ = {
			isa = PBXGroup;
			children = (
				8E9F87CC266D1195007E7375 /* TerraSafe.app */,
			);
			name = Products;
			sourceTree = "<group>";
		};
		8E9F87CE266D1195007E7375 /* TerraSafe */ = {
			isa = PBXGroup;
			children = (
				8E9F87F2266D12A3007E7375 /* Track Emergency Info Page */,
				8E9F87E8266D1246007E7375 /* Tips Page */,
				8E9F87E7266D123E007E7375 /* Saved Page */,
				8E9F87E6266D11AF007E7375 /* Detail Information Page */,
				8E9F87CF266D1195007E7375 /* AppDelegate.swift */,
				8E9F87D1266D1195007E7375 /* SceneDelegate.swift */,
				8E9F87D3266D1195007E7375 /* ViewController.swift */,
				8E9F87D5266D1195007E7375 /* Main.storyboard */,
				8E9F87DB266D1196007E7375 /* Assets.xcassets */,
				8E9F87DD266D1196007E7375 /* LaunchScreen.storyboard */,
				8E9F87E0266D1196007E7375 /* Info.plist */,
				8E9F87D8266D1195007E7375 /* TerraSafe.xcdatamodeld */,
			);
			path = TerraSafe;
			sourceTree = "<group>";
		};
		8E9F87E6266D11AF007E7375 /* Detail Information Page */ = {
			isa = PBXGroup;
			children = (
				8E9F87EF266D1268007E7375 /* Controller */,
				8E9F87F0266D1268007E7375 /* View */,
				8E9F87F1266D1268007E7375 /* Model */,
			);
			path = "Detail Information Page";
			sourceTree = "<group>";
		};
		8E9F87E7266D123E007E7375 /* Saved Page */ = {
			isa = PBXGroup;
			children = (
				8E9F87EC266D1265007E7375 /* Controller */,
				8E9F87ED266D1265007E7375 /* View */,
				8E9F87EE266D1265007E7375 /* Model */,
			);
			path = "Saved Page";
			sourceTree = "<group>";
		};
		8E9F87E8266D1246007E7375 /* Tips Page */ = {
			isa = PBXGroup;
			children = (
				8E9F87EB266D125B007E7375 /* Controller */,
				8E9F87EA266D1257007E7375 /* View */,
				8E9F87E9266D124E007E7375 /* Model */,
			);
			path = "Tips Page";
			sourceTree = "<group>";
		};
		8E9F87E9266D124E007E7375 /* Model */ = {
			isa = PBXGroup;
			children = (
			);
			path = Model;
			sourceTree = "<group>";
		};
		8E9F87EA266D1257007E7375 /* View */ = {
			isa = PBXGroup;
			children = (
			);
			path = View;
			sourceTree = "<group>";
		};
		8E9F87EB266D125B007E7375 /* Controller */ = {
			isa = PBXGroup;
			children = (
			);
			path = Controller;
			sourceTree = "<group>";
		};
		8E9F87EC266D1265007E7375 /* Controller */ = {
			isa = PBXGroup;
			children = (
			);
			path = Controller;
			sourceTree = "<group>";
		};
		8E9F87ED266D1265007E7375 /* View */ = {
			isa = PBXGroup;
			children = (
			);
			path = View;
			sourceTree = "<group>";
		};
		8E9F87EE266D1265007E7375 /* Model */ = {
			isa = PBXGroup;
			children = (
			);
			path = Model;
			sourceTree = "<group>";
		};
		8E9F87EF266D1268007E7375 /* Controller */ = {
			isa = PBXGroup;
			children = (
				8ECC1506267105EC0079EB1F /* DetailInformationPageVC.swift */,
				8ECC1508267106C60079EB1F /* TableTrackTableViewCell.swift */,
			);
			path = Controller;
			sourceTree = "<group>";
		};
		8E9F87F0266D1268007E7375 /* View */ = {
			isa = PBXGroup;
			children = (
				8ECC15042670F2D30079EB1F /* DetailInformationPage.storyboard */,
			);
			path = View;
			sourceTree = "<group>";
		};
		8E9F87F1266D1268007E7375 /* Model */ = {
			isa = PBXGroup;
			children = (
			);
			path = Model;
			sourceTree = "<group>";
		};
		8E9F87F2266D12A3007E7375 /* Track Emergency Info Page */ = {
			isa = PBXGroup;
			children = (
				8E9F87F3266D12BC007E7375 /* Controller */,
				8E9F87F5266D12BC007E7375 /* View */,
				8E9F87F4266D12BC007E7375 /* Model */,
			);
			path = "Track Emergency Info Page";
			sourceTree = "<group>";
		};
		8E9F87F3266D12BC007E7375 /* Controller */ = {
			isa = PBXGroup;
			children = (
			);
			path = Controller;
			sourceTree = "<group>";
		};
		8E9F87F4266D12BC007E7375 /* Model */ = {
			isa = PBXGroup;
			children = (
			);
			path = Model;
			sourceTree = "<group>";
		};
		8E9F87F5266D12BC007E7375 /* View */ = {
			isa = PBXGroup;
			children = (
				8E738FBC266D1D9100245485 /* TrackEmergencyInfo.storyboard */,
			);
			path = View;
			sourceTree = "<group>";
		};
/* End PBXGroup section */

/* Begin PBXNativeTarget section */
		8E9F87CB266D1195007E7375 /* TerraSafe */ = {
			isa = PBXNativeTarget;
			buildConfigurationList = 8E9F87E3266D1196007E7375 /* Build configuration list for PBXNativeTarget "TerraSafe" */;
			buildPhases = (
				8E9F87C8266D1195007E7375 /* Sources */,
				8E9F87C9266D1195007E7375 /* Frameworks */,
				8E9F87CA266D1195007E7375 /* Resources */,
			);
			buildRules = (
			);
			dependencies = (
			);
			name = TerraSafe;
			productName = TerraSafe;
			productReference = 8E9F87CC266D1195007E7375 /* TerraSafe.app */;
			productType = "com.apple.product-type.application";
		};
/* End PBXNativeTarget section */

/* Begin PBXProject section */
		8E9F87C4266D1195007E7375 /* Project object */ = {
			isa = PBXProject;
			attributes = {
				LastSwiftUpdateCheck = 1250;
				LastUpgradeCheck = 1250;
				TargetAttributes = {
					8E9F87CB266D1195007E7375 = {
						CreatedOnToolsVersion = 12.5;
					};
				};
			};
			buildConfigurationList = 8E9F87C7266D1195007E7375 /* Build configuration list for PBXProject "TerraSafe" */;
			compatibilityVersion = "Xcode 9.3";
			developmentRegion = en;
			hasScannedForEncodings = 0;
			knownRegions = (
				en,
				Base,
			);
			mainGroup = 8E9F87C3266D1195007E7375;
			productRefGroup = 8E9F87CD266D1195007E7375 /* Products */;
			projectDirPath = "";
			projectRoot = "";
			targets = (
				8E9F87CB266D1195007E7375 /* TerraSafe */,
			);
		};
/* End PBXProject section */

/* Begin PBXResourcesBuildPhase section */
		8E9F87CA266D1195007E7375 /* Resources */ = {
			isa = PBXResourcesBuildPhase;
			buildActionMask = 2147483647;
			files = (
				8E738FBD266D1D9100245485 /* TrackEmergencyInfo.storyboard in Resources */,
				8E9F87DF266D1196007E7375 /* LaunchScreen.storyboard in Resources */,
				8E9F87DC266D1196007E7375 /* Assets.xcassets in Resources */,
				8ECC15052670F2D30079EB1F /* DetailInformationPage.storyboard in Resources */,
				8E9F87D7266D1195007E7375 /* Main.storyboard in Resources */,
			);
			runOnlyForDeploymentPostprocessing = 0;
		};
/* End PBXResourcesBuildPhase section */

/* Begin PBXSourcesBuildPhase section */
		8E9F87C8266D1195007E7375 /* Sources */ = {
			isa = PBXSourcesBuildPhase;
			buildActionMask = 2147483647;
			files = (
				8E9F87D4266D1195007E7375 /* ViewController.swift in Sources */,
				8E9F87D0266D1195007E7375 /* AppDelegate.swift in Sources */,
				8ECC1509267106C60079EB1F /* TableTrackTableViewCell.swift in Sources */,
				8E9F87D2266D1195007E7375 /* SceneDelegate.swift in Sources */,
				8E9F87DA266D1195007E7375 /* TerraSafe.xcdatamodeld in Sources */,
				8ECC1507267105EC0079EB1F /* DetailInformationPageVC.swift in Sources */,
			);
			runOnlyForDeploymentPostprocessing = 0;
		};
/* End PBXSourcesBuildPhase section */

/* Begin PBXVariantGroup section */
		8E9F87D5266D1195007E7375 /* Main.storyboard */ = {
			isa = PBXVariantGroup;
			children = (
				8E9F87D6266D1195007E7375 /* Base */,
			);
			name = Main.storyboard;
			sourceTree = "<group>";
		};
		8E9F87DD266D1196007E7375 /* LaunchScreen.storyboard */ = {
			isa = PBXVariantGroup;
			children = (
				8E9F87DE266D1196007E7375 /* Base */,
			);
			name = LaunchScreen.storyboard;
			sourceTree = "<group>";
		};
/* End PBXVariantGroup section */

/* Begin XCBuildConfiguration section */
		8E9F87E1266D1196007E7375 /* Debug */ = {
			isa = XCBuildConfiguration;
			buildSettings = {
				ALWAYS_SEARCH_USER_PATHS = NO;
				CLANG_ANALYZER_NONNULL = YES;
				CLANG_ANALYZER_NUMBER_OBJECT_CONVERSION = YES_AGGRESSIVE;
				CLANG_CXX_LANGUAGE_STANDARD = "gnu++14";
				CLANG_CXX_LIBRARY = "libc++";
				CLANG_ENABLE_MODULES = YES;
				CLANG_ENABLE_OBJC_ARC = YES;
				CLANG_ENABLE_OBJC_WEAK = YES;
				CLANG_WARN_BLOCK_CAPTURE_AUTORELEASING = YES;
				CLANG_WARN_BOOL_CONVERSION = YES;
				CLANG_WARN_COMMA = YES;
				CLANG_WARN_CONSTANT_CONVERSION = YES;
				CLANG_WARN_DEPRECATED_OBJC_IMPLEMENTATIONS = YES;
				CLANG_WARN_DIRECT_OBJC_ISA_USAGE = YES_ERROR;
				CLANG_WARN_DOCUMENTATION_COMMENTS = YES;
				CLANG_WARN_EMPTY_BODY = YES;
				CLANG_WARN_ENUM_CONVERSION = YES;
				CLANG_WARN_INFINITE_RECURSION = YES;
				CLANG_WARN_INT_CONVERSION = YES;
				CLANG_WARN_NON_LITERAL_NULL_CONVERSION = YES;
				CLANG_WARN_OBJC_IMPLICIT_RETAIN_SELF = YES;
				CLANG_WARN_OBJC_LITERAL_CONVERSION = YES;
				CLANG_WARN_OBJC_ROOT_CLASS = YES_ERROR;
				CLANG_WARN_QUOTED_INCLUDE_IN_FRAMEWORK_HEADER = YES;
				CLANG_WARN_RANGE_LOOP_ANALYSIS = YES;
				CLANG_WARN_STRICT_PROTOTYPES = YES;
				CLANG_WARN_SUSPICIOUS_MOVE = YES;
				CLANG_WARN_UNGUARDED_AVAILABILITY = YES_AGGRESSIVE;
				CLANG_WARN_UNREACHABLE_CODE = YES;
				CLANG_WARN__DUPLICATE_METHOD_MATCH = YES;
				COPY_PHASE_STRIP = NO;
				DEBUG_INFORMATION_FORMAT = dwarf;
				ENABLE_STRICT_OBJC_MSGSEND = YES;
				ENABLE_TESTABILITY = YES;
				GCC_C_LANGUAGE_STANDARD = gnu11;
				GCC_DYNAMIC_NO_PIC = NO;
				GCC_NO_COMMON_BLOCKS = YES;
				GCC_OPTIMIZATION_LEVEL = 0;
				GCC_PREPROCESSOR_DEFINITIONS = (
					"DEBUG=1",
					"$(inherited)",
				);
				GCC_WARN_64_TO_32_BIT_CONVERSION = YES;
				GCC_WARN_ABOUT_RETURN_TYPE = YES_ERROR;
				GCC_WARN_UNDECLARED_SELECTOR = YES;
				GCC_WARN_UNINITIALIZED_AUTOS = YES_AGGRESSIVE;
				GCC_WARN_UNUSED_FUNCTION = YES;
				GCC_WARN_UNUSED_VARIABLE = YES;
				IPHONEOS_DEPLOYMENT_TARGET = 14.5;
				MTL_ENABLE_DEBUG_INFO = INCLUDE_SOURCE;
				MTL_FAST_MATH = YES;
				ONLY_ACTIVE_ARCH = YES;
				SDKROOT = iphoneos;
				SWIFT_ACTIVE_COMPILATION_CONDITIONS = DEBUG;
				SWIFT_OPTIMIZATION_LEVEL = "-Onone";
			};
			name = Debug;
		};
		8E9F87E2266D1196007E7375 /* Release */ = {
			isa = XCBuildConfiguration;
			buildSettings = {
				ALWAYS_SEARCH_USER_PATHS = NO;
				CLANG_ANALYZER_NONNULL = YES;
				CLANG_ANALYZER_NUMBER_OBJECT_CONVERSION = YES_AGGRESSIVE;
				CLANG_CXX_LANGUAGE_STANDARD = "gnu++14";
				CLANG_CXX_LIBRARY = "libc++";
				CLANG_ENABLE_MODULES = YES;
				CLANG_ENABLE_OBJC_ARC = YES;
				CLANG_ENABLE_OBJC_WEAK = YES;
				CLANG_WARN_BLOCK_CAPTURE_AUTORELEASING = YES;
				CLANG_WARN_BOOL_CONVERSION = YES;
				CLANG_WARN_COMMA = YES;
				CLANG_WARN_CONSTANT_CONVERSION = YES;
				CLANG_WARN_DEPRECATED_OBJC_IMPLEMENTATIONS = YES;
				CLANG_WARN_DIRECT_OBJC_ISA_USAGE = YES_ERROR;
				CLANG_WARN_DOCUMENTATION_COMMENTS = YES;
				CLANG_WARN_EMPTY_BODY = YES;
				CLANG_WARN_ENUM_CONVERSION = YES;
				CLANG_WARN_INFINITE_RECURSION = YES;
				CLANG_WARN_INT_CONVERSION = YES;
				CLANG_WARN_NON_LITERAL_NULL_CONVERSION = YES;
				CLANG_WARN_OBJC_IMPLICIT_RETAIN_SELF = YES;
				CLANG_WARN_OBJC_LITERAL_CONVERSION = YES;
				CLANG_WARN_OBJC_ROOT_CLASS = YES_ERROR;
				CLANG_WARN_QUOTED_INCLUDE_IN_FRAMEWORK_HEADER = YES;
				CLANG_WARN_RANGE_LOOP_ANALYSIS = YES;
				CLANG_WARN_STRICT_PROTOTYPES = YES;
				CLANG_WARN_SUSPICIOUS_MOVE = YES;
				CLANG_WARN_UNGUARDED_AVAILABILITY = YES_AGGRESSIVE;
				CLANG_WARN_UNREACHABLE_CODE = YES;
				CLANG_WARN__DUPLICATE_METHOD_MATCH = YES;
				COPY_PHASE_STRIP = NO;
				DEBUG_INFORMATION_FORMAT = "dwarf-with-dsym";
				ENABLE_NS_ASSERTIONS = NO;
				ENABLE_STRICT_OBJC_MSGSEND = YES;
				GCC_C_LANGUAGE_STANDARD = gnu11;
				GCC_NO_COMMON_BLOCKS = YES;
				GCC_WARN_64_TO_32_BIT_CONVERSION = YES;
				GCC_WARN_ABOUT_RETURN_TYPE = YES_ERROR;
				GCC_WARN_UNDECLARED_SELECTOR = YES;
				GCC_WARN_UNINITIALIZED_AUTOS = YES_AGGRESSIVE;
				GCC_WARN_UNUSED_FUNCTION = YES;
				GCC_WARN_UNUSED_VARIABLE = YES;
				IPHONEOS_DEPLOYMENT_TARGET = 14.5;
				MTL_ENABLE_DEBUG_INFO = NO;
				MTL_FAST_MATH = YES;
				SDKROOT = iphoneos;
				SWIFT_COMPILATION_MODE = wholemodule;
				SWIFT_OPTIMIZATION_LEVEL = "-O";
				VALIDATE_PRODUCT = YES;
			};
			name = Release;
		};
		8E9F87E4266D1196007E7375 /* Debug */ = {
			isa = XCBuildConfiguration;
			buildSettings = {
				ASSETCATALOG_COMPILER_APPICON_NAME = AppIcon;
				ASSETCATALOG_COMPILER_GLOBAL_ACCENT_COLOR_NAME = AccentColor;
				CODE_SIGN_STYLE = Automatic;
				DEVELOPMENT_TEAM = DFYL38U338;
				INFOPLIST_FILE = TerraSafe/Info.plist;
				LD_RUNPATH_SEARCH_PATHS = (
					"$(inherited)",
					"@executable_path/Frameworks",
				);
				PRODUCT_BUNDLE_IDENTIFIER = albertPersonalProject.TerraSafe;
				PRODUCT_NAME = "$(TARGET_NAME)";
				SWIFT_VERSION = 5.0;
				TARGETED_DEVICE_FAMILY = "1,2";
			};
			name = Debug;
		};
		8E9F87E5266D1196007E7375 /* Release */ = {
			isa = XCBuildConfiguration;
			buildSettings = {
				ASSETCATALOG_COMPILER_APPICON_NAME = AppIcon;
				ASSETCATALOG_COMPILER_GLOBAL_ACCENT_COLOR_NAME = AccentColor;
				CODE_SIGN_STYLE = Automatic;
				DEVELOPMENT_TEAM = DFYL38U338;
				INFOPLIST_FILE = TerraSafe/Info.plist;
				LD_RUNPATH_SEARCH_PATHS = (
					"$(inherited)",
					"@executable_path/Frameworks",
				);
				PRODUCT_BUNDLE_IDENTIFIER = albertPersonalProject.TerraSafe;
				PRODUCT_NAME = "$(TARGET_NAME)";
				SWIFT_VERSION = 5.0;
				TARGETED_DEVICE_FAMILY = "1,2";
			};
			name = Release;
		};
/* End XCBuildConfiguration section */

/* Begin XCConfigurationList section */
		8E9F87C7266D1195007E7375 /* Build configuration list for PBXProject "TerraSafe" */ = {
			isa = XCConfigurationList;
			buildConfigurations = (
				8E9F87E1266D1196007E7375 /* Debug */,
				8E9F87E2266D1196007E7375 /* Release */,
			);
			defaultConfigurationIsVisible = 0;
			defaultConfigurationName = Release;
		};
		8E9F87E3266D1196007E7375 /* Build configuration list for PBXNativeTarget "TerraSafe" */ = {
			isa = XCConfigurationList;
			buildConfigurations = (
				8E9F87E4266D1196007E7375 /* Debug */,
				8E9F87E5266D1196007E7375 /* Release */,
			);
			defaultConfigurationIsVisible = 0;
			defaultConfigurationName = Release;
		};
/* End XCConfigurationList section */

/* Begin XCVersionGroup section */
		8E9F87D8266D1195007E7375 /* TerraSafe.xcdatamodeld */ = {
			isa = XCVersionGroup;
			children = (
				8E9F87D9266D1195007E7375 /* TerraSafe.xcdatamodel */,
			);
			currentVersion = 8E9F87D9266D1195007E7375 /* TerraSafe.xcdatamodel */;
			path = TerraSafe.xcdatamodeld;
			sourceTree = "<group>";
			versionGroupType = wrapper.xcdatamodel;
		};
/* End XCVersionGroup section */
	};
	rootObject = 8E9F87C4266D1195007E7375 /* Project object */;
}
